
Microsoft Visual Studio Solution File, Format Version 12.00
# Visual Studio Version 16
VisualStudioVersion = 16.0.30104.148
MinimumVisualStudioVersion = 10.0.40219.1
Project("{FAE04EC0-301F-11D3-BF4B-00C04F79EFBC}") = "GetDotNetVersion_Win32", "GetDotNetVersion_Win32\GetDotNetVersion_Win32.csproj", "{FED40699-ECCF-49FA-B2C3-08B2C2F3FB66}"
EndProject
Global
	GlobalSection(SolutionConfigurationPlatforms) = preSolution
		Debug|Any CPU = Debug|Any CPU
		Release|Any CPU = Release|Any CPU
	EndGlobalSection
	GlobalSection(ProjectConfigurationPlatforms) = postSolution
		{FED40699-ECCF-49FA-B2C3-08B2C2F3FB66}.Debug|Any CPU.ActiveCfg = Debug|Any CPU
		{FED40699-ECCF-49FA-B2C3-08B2C2F3FB66}.Debug|Any CPU.Build.0 = Debug|Any CPU
		{FED40699-ECCF-49FA-B2C3-08B2C2F3FB66}.Release|Any CPU.ActiveCfg = Release|Any CPU
		{FED40699-ECCF-49FA-B2C3-08B2C2F3FB66}.Release|Any CPU.Build.0 = Release|Any CPU
	EndGlobalSection
	GlobalSection(SolutionProperties) = preSolution
		HideSolutionNode = FALSE
	EndGlobalSection
	GlobalSection(ExtensibilityGlobals) = postSolution
		SolutionGuid = {2E68A997-689B-44B2-B0B3-2188A39B1F5D}
	EndGlobalSection
EndGlobal
